
Microsoft Visual Studio Solution File, Format Version 12.00
# Visual Studio Version 16
VisualStudioVersion = 16.0.32802.440
MinimumVisualStudioVersion = 10.0.40219.1
Project("{FAE04EC0-301F-11D3-BF4B-00C04F79EFBC}") = "SanctionScanner", "SanctionScanner\SanctionScanner.csproj", "{631573B2-A638-471A-8588-3D75E4251C47}"
EndProject
Global
	GlobalSection(SolutionConfigurationPlatforms) = preSolution
		Debug|Any CPU = Debug|Any CPU
		Release|Any CPU = Release|Any CPU
	EndGlobalSection
	GlobalSection(ProjectConfigurationPlatforms) = postSolution
		{631573B2-A638-471A-8588-3D75E4251C47}.Debug|Any CPU.ActiveCfg = Debug|Any CPU
		{631573B2-A638-471A-8588-3D75E4251C47}.Debug|Any CPU.Build.0 = Debug|Any CPU
		{631573B2-A638-471A-8588-3D75E4251C47}.Release|Any CPU.ActiveCfg = Release|Any CPU
		{631573B2-A638-471A-8588-3D75E4251C47}.Release|Any CPU.Build.0 = Release|Any CPU
	EndGlobalSection
	GlobalSection(SolutionProperties) = preSolution
		HideSolutionNode = FALSE
	EndGlobalSection
	GlobalSection(ExtensibilityGlobals) = postSolution
		SolutionGuid = {5906A9E9-59B9-4D96-807F-AB18F7AF714F}
	EndGlobalSection
EndGlobal
